// !$*UTF8*$!
{
	archiveVersion = 1;
	classes = {
	};
	objectVersion = 56;
	objects = {

/* Begin PBXBuildFile section */
		D77F52142A4D540000516C85 /* AppDelegate.swift in Sources */ = {isa = PBXBuildFile; fileRef = D77F52132A4D540000516C85 /* AppDelegate.swift */; };
		D77F52162A4D540000516C85 /* SceneDelegate.swift in Sources */ = {isa = PBXBuildFile; fileRef = D77F52152A4D540000516C85 /* SceneDelegate.swift */; };
		D77F52182A4D540000516C85 /* MainViewController.swift in Sources */ = {isa = PBXBuildFile; fileRef = D77F52172A4D540000516C85 /* MainViewController.swift */; };
		D77F521D2A4D540100516C85 /* Assets.xcassets in Resources */ = {isa = PBXBuildFile; fileRef = D77F521C2A4D540100516C85 /* Assets.xcassets */; };
		D77F52202A4D540100516C85 /* LaunchScreen.storyboard in Resources */ = {isa = PBXBuildFile; fileRef = D77F521E2A4D540100516C85 /* LaunchScreen.storyboard */; };
		D77F52292A4D547500516C85 /* SnapKit in Frameworks */ = {isa = PBXBuildFile; productRef = D77F52282A4D547500516C85 /* SnapKit */; };
		D78D00D92A52BD160078C10C /* ProductsModel.swift in Sources */ = {isa = PBXBuildFile; fileRef = D78D00D82A52BD160078C10C /* ProductsModel.swift */; };
		D78D00DC2A52BF820078C10C /* ApiManager.swift in Sources */ = {isa = PBXBuildFile; fileRef = D78D00DB2A52BF820078C10C /* ApiManager.swift */; };
		D7909DC02A53C3B200234F81 /* ProductTableViewCell.swift in Sources */ = {isa = PBXBuildFile; fileRef = D7909DBF2A53C3B200234F81 /* ProductTableViewCell.swift */; };
		D7909DC32A53CACB00234F81 /* Kingfisher in Frameworks */ = {isa = PBXBuildFile; productRef = D7909DC22A53CACB00234F81 /* Kingfisher */; };
/* End PBXBuildFile section */

/* Begin PBXFileReference section */
		D77F52102A4D540000516C85 /* FirstHomeWork.app */ = {isa = PBXFileReference; explicitFileType = wrapper.application; includeInIndex = 0; path = FirstHomeWork.app; sourceTree = BUILT_PRODUCTS_DIR; };
		D77F52132A4D540000516C85 /* AppDelegate.swift */ = {isa = PBXFileReference; lastKnownFileType = sourcecode.swift; path = AppDelegate.swift; sourceTree = "<group>"; };
		D77F52152A4D540000516C85 /* SceneDelegate.swift */ = {isa = PBXFileReference; lastKnownFileType = sourcecode.swift; path = SceneDelegate.swift; sourceTree = "<group>"; };
		D77F52172A4D540000516C85 /* MainViewController.swift */ = {isa = PBXFileReference; lastKnownFileType = sourcecode.swift; path = MainViewController.swift; sourceTree = "<group>"; };
		D77F521C2A4D540100516C85 /* Assets.xcassets */ = {isa = PBXFileReference; lastKnownFileType = folder.assetcatalog; path = Assets.xcassets; sourceTree = "<group>"; };
		D77F521F2A4D540100516C85 /* Base */ = {isa = PBXFileReference; lastKnownFileType = file.storyboard; name = Base; path = Base.lproj/LaunchScreen.storyboard; sourceTree = "<group>"; };
		D77F52212A4D540100516C85 /* Info.plist */ = {isa = PBXFileReference; lastKnownFileType = text.plist.xml; path = Info.plist; sourceTree = "<group>"; };
		D78D00D82A52BD160078C10C /* ProductsModel.swift */ = {isa = PBXFileReference; lastKnownFileType = sourcecode.swift; path = ProductsModel.swift; sourceTree = "<group>"; };
		D78D00DB2A52BF820078C10C /* ApiManager.swift */ = {isa = PBXFileReference; lastKnownFileType = sourcecode.swift; path = ApiManager.swift; sourceTree = "<group>"; };
		D7909DBF2A53C3B200234F81 /* ProductTableViewCell.swift */ = {isa = PBXFileReference; lastKnownFileType = sourcecode.swift; path = ProductTableViewCell.swift; sourceTree = "<group>"; };
/* End PBXFileReference section */

/* Begin PBXFrameworksBuildPhase section */
		D77F520D2A4D540000516C85 /* Frameworks */ = {
			isa = PBXFrameworksBuildPhase;
			buildActionMask = 2147483647;
			files = (
				D7909DC32A53CACB00234F81 /* Kingfisher in Frameworks */,
				D77F52292A4D547500516C85 /* SnapKit in Frameworks */,
			);
			runOnlyForDeploymentPostprocessing = 0;
		};
/* End PBXFrameworksBuildPhase section */

/* Begin PBXGroup section */
		D77F52072A4D540000516C85 = {
			isa = PBXGroup;
			children = (
				D77F52122A4D540000516C85 /* FirstHomeWork */,
				D77F52112A4D540000516C85 /* Products */,
			);
			sourceTree = "<group>";
		};
		D77F52112A4D540000516C85 /* Products */ = {
			isa = PBXGroup;
			children = (
				D77F52102A4D540000516C85 /* FirstHomeWork.app */,
			);
			name = Products;
			sourceTree = "<group>";
		};
		D77F52122A4D540000516C85 /* FirstHomeWork */ = {
			isa = PBXGroup;
			children = (
				D7909DB72A53C26A00234F81 /* App */,
				D7909DBB2A53C2EF00234F81 /* ViewController */,
				D7909DB82A53C28F00234F81 /* Model */,
				D7909DBC2A53C35200234F81 /* View */,
				D7909DBA2A53C2B600234F81 /* Resourse */,
			);
			path = FirstHomeWork;
			sourceTree = "<group>";
		};
		D7909DB72A53C26A00234F81 /* App */ = {
			isa = PBXGroup;
			children = (
				D77F52132A4D540000516C85 /* AppDelegate.swift */,
				D77F52152A4D540000516C85 /* SceneDelegate.swift */,
			);
			path = App;
			sourceTree = "<group>";
		};
		D7909DB82A53C28F00234F81 /* Model */ = {
			isa = PBXGroup;
			children = (
				D7909DB92A53C29A00234F81 /* NetworkService */,
				D78D00D82A52BD160078C10C /* ProductsModel.swift */,
			);
			path = Model;
			sourceTree = "<group>";
		};
		D7909DB92A53C29A00234F81 /* NetworkService */ = {
			isa = PBXGroup;
			children = (
				D78D00DB2A52BF820078C10C /* ApiManager.swift */,
			);
			path = NetworkService;
			sourceTree = "<group>";
		};
		D7909DBA2A53C2B600234F81 /* Resourse */ = {
			isa = PBXGroup;
			children = (
				D77F521C2A4D540100516C85 /* Assets.xcassets */,
				D77F521E2A4D540100516C85 /* LaunchScreen.storyboard */,
				D77F52212A4D540100516C85 /* Info.plist */,
			);
			path = Resourse;
			sourceTree = "<group>";
		};
		D7909DBB2A53C2EF00234F81 /* ViewController */ = {
			isa = PBXGroup;
			children = (
				D77F52172A4D540000516C85 /* MainViewController.swift */,
			);
			path = ViewController;
			sourceTree = "<group>";
		};
		D7909DBC2A53C35200234F81 /* View */ = {
			isa = PBXGroup;
			children = (
				D7909DBD2A53C38400234F81 /* Component */,
			);
			path = View;
			sourceTree = "<group>";
		};
		D7909DBD2A53C38400234F81 /* Component */ = {
			isa = PBXGroup;
			children = (
				D7909DBF2A53C3B200234F81 /* ProductTableViewCell.swift */,
			);
			path = Component;
			sourceTree = "<group>";
		};
/* End PBXGroup section */

/* Begin PBXNativeTarget section */
		D77F520F2A4D540000516C85 /* FirstHomeWork */ = {
			isa = PBXNativeTarget;
			buildConfigurationList = D77F52242A4D540100516C85 /* Build configuration list for PBXNativeTarget "FirstHomeWork" */;
			buildPhases = (
				D77F520C2A4D540000516C85 /* Sources */,
				D77F520D2A4D540000516C85 /* Frameworks */,
				D77F520E2A4D540000516C85 /* Resources */,
			);
			buildRules = (
			);
			dependencies = (
			);
			name = FirstHomeWork;
			packageProductDependencies = (
				D77F52282A4D547500516C85 /* SnapKit */,
				D7909DC22A53CACB00234F81 /* Kingfisher */,
			);
			productName = FirstHomeWork;
			productReference = D77F52102A4D540000516C85 /* FirstHomeWork.app */;
			productType = "com.apple.product-type.application";
		};
/* End PBXNativeTarget section */

/* Begin PBXProject section */
		D77F52082A4D540000516C85 /* Project object */ = {
			isa = PBXProject;
			attributes = {
				BuildIndependentTargetsInParallel = 1;
				LastSwiftUpdateCheck = 1430;
				LastUpgradeCheck = 1430;
				TargetAttributes = {
					D77F520F2A4D540000516C85 = {
						CreatedOnToolsVersion = 14.3.1;
					};
				};
			};
			buildConfigurationList = D77F520B2A4D540000516C85 /* Build configuration list for PBXProject "FirstHomeWork" */;
			compatibilityVersion = "Xcode 14.0";
			developmentRegion = en;
			hasScannedForEncodings = 0;
			knownRegions = (
				en,
				Base,
			);
			mainGroup = D77F52072A4D540000516C85;
			packageReferences = (
				D77F52272A4D547500516C85 /* XCRemoteSwiftPackageReference "SnapKit" */,
				D7909DC12A53CACB00234F81 /* XCRemoteSwiftPackageReference "Kingfisher" */,
			);
			productRefGroup = D77F52112A4D540000516C85 /* Products */;
			projectDirPath = "";
			projectRoot = "";
			targets = (
				D77F520F2A4D540000516C85 /* FirstHomeWork */,
			);
		};
/* End PBXProject section */

/* Begin PBXResourcesBuildPhase section */
		D77F520E2A4D540000516C85 /* Resources */ = {
			isa = PBXResourcesBuildPhase;
			buildActionMask = 2147483647;
			files = (
				D77F52202A4D540100516C85 /* LaunchScreen.storyboard in Resources */,
				D77F521D2A4D540100516C85 /* Assets.xcassets in Resources */,
			);
			runOnlyForDeploymentPostprocessing = 0;
		};
/* End PBXResourcesBuildPhase section */

/* Begin PBXSourcesBuildPhase section */
		D77F520C2A4D540000516C85 /* Sources */ = {
			isa = PBXSourcesBuildPhase;
			buildActionMask = 2147483647;
			files = (
				D78D00DC2A52BF820078C10C /* ApiManager.swift in Sources */,
				D77F52182A4D540000516C85 /* MainViewController.swift in Sources */,
				D77F52142A4D540000516C85 /* AppDelegate.swift in Sources */,
				D77F52162A4D540000516C85 /* SceneDelegate.swift in Sources */,
				D78D00D92A52BD160078C10C /* ProductsModel.swift in Sources */,
				D7909DC02A53C3B200234F81 /* ProductTableViewCell.swift in Sources */,
			);
			runOnlyForDeploymentPostprocessing = 0;
		};
/* End PBXSourcesBuildPhase section */

/* Begin PBXVariantGroup section */
		D77F521E2A4D540100516C85 /* LaunchScreen.storyboard */ = {
			isa = PBXVariantGroup;
			children = (
				D77F521F2A4D540100516C85 /* Base */,
			);
			name = LaunchScreen.storyboard;
			sourceTree = "<group>";
		};
/* End PBXVariantGroup section */

/* Begin XCBuildConfiguration section */
		D77F52222A4D540100516C85 /* Debug */ = {
			isa = XCBuildConfiguration;
			buildSettings = {
				ALWAYS_SEARCH_USER_PATHS = NO;
				CLANG_ANALYZER_NONNULL = YES;
				CLANG_ANALYZER_NUMBER_OBJECT_CONVERSION = YES_AGGRESSIVE;
				CLANG_CXX_LANGUAGE_STANDARD = "gnu++20";
				CLANG_ENABLE_MODULES = YES;
				CLANG_ENABLE_OBJC_ARC = YES;
				CLANG_ENABLE_OBJC_WEAK = YES;
				CLANG_WARN_BLOCK_CAPTURE_AUTORELEASING = YES;
				CLANG_WARN_BOOL_CONVERSION = YES;
				CLANG_WARN_COMMA = YES;
				CLANG_WARN_CONSTANT_CONVERSION = YES;
				CLANG_WARN_DEPRECATED_OBJC_IMPLEMENTATIONS = YES;
				CLANG_WARN_DIRECT_OBJC_ISA_USAGE = YES_ERROR;
				CLANG_WARN_DOCUMENTATION_COMMENTS = YES;
				CLANG_WARN_EMPTY_BODY = YES;
				CLANG_WARN_ENUM_CONVERSION = YES;
				CLANG_WARN_INFINITE_RECURSION = YES;
				CLANG_WARN_INT_CONVERSION = YES;
				CLANG_WARN_NON_LITERAL_NULL_CONVERSION = YES;
				CLANG_WARN_OBJC_IMPLICIT_RETAIN_SELF = YES;
				CLANG_WARN_OBJC_LITERAL_CONVERSION = YES;
				CLANG_WARN_OBJC_ROOT_CLASS = YES_ERROR;
				CLANG_WARN_QUOTED_INCLUDE_IN_FRAMEWORK_HEADER = YES;
				CLANG_WARN_RANGE_LOOP_ANALYSIS = YES;
				CLANG_WARN_STRICT_PROTOTYPES = YES;
				CLANG_WARN_SUSPICIOUS_MOVE = YES;
				CLANG_WARN_UNGUARDED_AVAILABILITY = YES_AGGRESSIVE;
				CLANG_WARN_UNREACHABLE_CODE = YES;
				CLANG_WARN__DUPLICATE_METHOD_MATCH = YES;
				COPY_PHASE_STRIP = NO;
				DEBUG_INFORMATION_FORMAT = dwarf;
				ENABLE_STRICT_OBJC_MSGSEND = YES;
				ENABLE_TESTABILITY = YES;
				GCC_C_LANGUAGE_STANDARD = gnu11;
				GCC_DYNAMIC_NO_PIC = NO;
				GCC_NO_COMMON_BLOCKS = YES;
				GCC_OPTIMIZATION_LEVEL = 0;
				GCC_PREPROCESSOR_DEFINITIONS = (
					"DEBUG=1",
					"$(inherited)",
				);
				GCC_WARN_64_TO_32_BIT_CONVERSION = YES;
				GCC_WARN_ABOUT_RETURN_TYPE = YES_ERROR;
				GCC_WARN_UNDECLARED_SELECTOR = YES;
				GCC_WARN_UNINITIALIZED_AUTOS = YES_AGGRESSIVE;
				GCC_WARN_UNUSED_FUNCTION = YES;
				GCC_WARN_UNUSED_VARIABLE = YES;
				IPHONEOS_DEPLOYMENT_TARGET = 16.4;
				MTL_ENABLE_DEBUG_INFO = INCLUDE_SOURCE;
				MTL_FAST_MATH = YES;
				ONLY_ACTIVE_ARCH = YES;
				SDKROOT = iphoneos;
				SWIFT_ACTIVE_COMPILATION_CONDITIONS = DEBUG;
				SWIFT_OPTIMIZATION_LEVEL = "-Onone";
			};
			name = Debug;
		};
		D77F52232A4D540100516C85 /* Release */ = {
			isa = XCBuildConfiguration;
			buildSettings = {
				ALWAYS_SEARCH_USER_PATHS = NO;
				CLANG_ANALYZER_NONNULL = YES;
				CLANG_ANALYZER_NUMBER_OBJECT_CONVERSION = YES_AGGRESSIVE;
				CLANG_CXX_LANGUAGE_STANDARD = "gnu++20";
				CLANG_ENABLE_MODULES = YES;
				CLANG_ENABLE_OBJC_ARC = YES;
				CLANG_ENABLE_OBJC_WEAK = YES;
				CLANG_WARN_BLOCK_CAPTURE_AUTORELEASING = YES;
				CLANG_WARN_BOOL_CONVERSION = YES;
				CLANG_WARN_COMMA = YES;
				CLANG_WARN_CONSTANT_CONVERSION = YES;
				CLANG_WARN_DEPRECATED_OBJC_IMPLEMENTATIONS = YES;
				CLANG_WARN_DIRECT_OBJC_ISA_USAGE = YES_ERROR;
				CLANG_WARN_DOCUMENTATION_COMMENTS = YES;
				CLANG_WARN_EMPTY_BODY = YES;
				CLANG_WARN_ENUM_CONVERSION = YES;
				CLANG_WARN_INFINITE_RECURSION = YES;
				CLANG_WARN_INT_CONVERSION = YES;
				CLANG_WARN_NON_LITERAL_NULL_CONVERSION = YES;
				CLANG_WARN_OBJC_IMPLICIT_RETAIN_SELF = YES;
				CLANG_WARN_OBJC_LITERAL_CONVERSION = YES;
				CLANG_WARN_OBJC_ROOT_CLASS = YES_ERROR;
				CLANG_WARN_QUOTED_INCLUDE_IN_FRAMEWORK_HEADER = YES;
				CLANG_WARN_RANGE_LOOP_ANALYSIS = YES;
				CLANG_WARN_STRICT_PROTOTYPES = YES;
				CLANG_WARN_SUSPICIOUS_MOVE = YES;
				CLANG_WARN_UNGUARDED_AVAILABILITY = YES_AGGRESSIVE;
				CLANG_WARN_UNREACHABLE_CODE = YES;
				CLANG_WARN__DUPLICATE_METHOD_MATCH = YES;
				COPY_PHASE_STRIP = NO;
				DEBUG_INFORMATION_FORMAT = "dwarf-with-dsym";
				ENABLE_NS_ASSERTIONS = NO;
				ENABLE_STRICT_OBJC_MSGSEND = YES;
				GCC_C_LANGUAGE_STANDARD = gnu11;
				GCC_NO_COMMON_BLOCKS = YES;
				GCC_WARN_64_TO_32_BIT_CONVERSION = YES;
				GCC_WARN_ABOUT_RETURN_TYPE = YES_ERROR;
				GCC_WARN_UNDECLARED_SELECTOR = YES;
				GCC_WARN_UNINITIALIZED_AUTOS = YES_AGGRESSIVE;
				GCC_WARN_UNUSED_FUNCTION = YES;
				GCC_WARN_UNUSED_VARIABLE = YES;
				IPHONEOS_DEPLOYMENT_TARGET = 16.4;
				MTL_ENABLE_DEBUG_INFO = NO;
				MTL_FAST_MATH = YES;
				SDKROOT = iphoneos;
				SWIFT_COMPILATION_MODE = wholemodule;
				SWIFT_OPTIMIZATION_LEVEL = "-O";
				VALIDATE_PRODUCT = YES;
			};
			name = Release;
		};
		D77F52252A4D540100516C85 /* Debug */ = {
			isa = XCBuildConfiguration;
			buildSettings = {
				ASSETCATALOG_COMPILER_APPICON_NAME = AppIcon;
				ASSETCATALOG_COMPILER_GLOBAL_ACCENT_COLOR_NAME = AccentColor;
				CODE_SIGN_STYLE = Automatic;
				CURRENT_PROJECT_VERSION = 1;
				GENERATE_INFOPLIST_FILE = YES;
				INFOPLIST_FILE = FirstHomeWork/Resourse/Info.plist;
				INFOPLIST_KEY_UIApplicationSupportsIndirectInputEvents = YES;
				INFOPLIST_KEY_UILaunchStoryboardName = LaunchScreen;
				INFOPLIST_KEY_UISupportedInterfaceOrientations_iPad = "UIInterfaceOrientationPortrait UIInterfaceOrientationPortraitUpsideDown UIInterfaceOrientationLandscapeLeft UIInterfaceOrientationLandscapeRight";
				INFOPLIST_KEY_UISupportedInterfaceOrientations_iPhone = "UIInterfaceOrientationPortrait UIInterfaceOrientationLandscapeLeft UIInterfaceOrientationLandscapeRight";
				LD_RUNPATH_SEARCH_PATHS = (
					"$(inherited)",
					"@executable_path/Frameworks",
				);
				MARKETING_VERSION = 1.0;
				PRODUCT_BUNDLE_IDENTIFIER = com.Sevara.FirstHomeWork;
				PRODUCT_NAME = "$(TARGET_NAME)";
				SWIFT_EMIT_LOC_STRINGS = YES;
				SWIFT_VERSION = 5.0;
				TARGETED_DEVICE_FAMILY = "1,2";
			};
			name = Debug;
		};
		D77F52262A4D540100516C85 /* Release */ = {
			isa = XCBuildConfiguration;
			buildSettings = {
				ASSETCATALOG_COMPILER_APPICON_NAME = AppIcon;
				ASSETCATALOG_COMPILER_GLOBAL_ACCENT_COLOR_NAME = AccentColor;
				CODE_SIGN_STYLE = Automatic;
				CURRENT_PROJECT_VERSION = 1;
				GENERATE_INFOPLIST_FILE = YES;
				INFOPLIST_FILE = FirstHomeWork/Resourse/Info.plist;
				INFOPLIST_KEY_UIApplicationSupportsIndirectInputEvents = YES;
				INFOPLIST_KEY_UILaunchStoryboardName = LaunchScreen;
				INFOPLIST_KEY_UISupportedInterfaceOrientations_iPad = "UIInterfaceOrientationPortrait UIInterfaceOrientationPortraitUpsideDown UIInterfaceOrientationLandscapeLeft UIInterfaceOrientationLandscapeRight";
				INFOPLIST_KEY_UISupportedInterfaceOrientations_iPhone = "UIInterfaceOrientationPortrait UIInterfaceOrientationLandscapeLeft UIInterfaceOrientationLandscapeRight";
				LD_RUNPATH_SEARCH_PATHS = (
					"$(inherited)",
					"@executable_path/Frameworks",
				);
				MARKETING_VERSION = 1.0;
				PRODUCT_BUNDLE_IDENTIFIER = com.Sevara.FirstHomeWork;
				PRODUCT_NAME = "$(TARGET_NAME)";
				SWIFT_EMIT_LOC_STRINGS = YES;
				SWIFT_VERSION = 5.0;
				TARGETED_DEVICE_FAMILY = "1,2";
			};
			name = Release;
		};
/* End XCBuildConfiguration section */

/* Begin XCConfigurationList section */
		D77F520B2A4D540000516C85 /* Build configuration list for PBXProject "FirstHomeWork" */ = {
			isa = XCConfigurationList;
			buildConfigurations = (
				D77F52222A4D540100516C85 /* Debug */,
				D77F52232A4D540100516C85 /* Release */,
			);
			defaultConfigurationIsVisible = 0;
			defaultConfigurationName = Release;
		};
		D77F52242A4D540100516C85 /* Build configuration list for PBXNativeTarget "FirstHomeWork" */ = {
			isa = XCConfigurationList;
			buildConfigurations = (
				D77F52252A4D540100516C85 /* Debug */,
				D77F52262A4D540100516C85 /* Release */,
			);
			defaultConfigurationIsVisible = 0;
			defaultConfigurationName = Release;
		};
/* End XCConfigurationList section */

/* Begin XCRemoteSwiftPackageReference section */
		D77F52272A4D547500516C85 /* XCRemoteSwiftPackageReference "SnapKit" */ = {
			isa = XCRemoteSwiftPackageReference;
			repositoryURL = "https://github.com/SnapKit/SnapKit.git";
			requirement = {
				kind = upToNextMajorVersion;
				minimumVersion = 5.0.0;
			};
		};
		D7909DC12A53CACB00234F81 /* XCRemoteSwiftPackageReference "Kingfisher" */ = {
			isa = XCRemoteSwiftPackageReference;
			repositoryURL = "https://github.com/onevcat/Kingfisher.git";
			requirement = {
				kind = upToNextMajorVersion;
				minimumVersion = 7.0.0;
			};
		};
/* End XCRemoteSwiftPackageReference section */

/* Begin XCSwiftPackageProductDependency section */
		D77F52282A4D547500516C85 /* SnapKit */ = {
			isa = XCSwiftPackageProductDependency;
			package = D77F52272A4D547500516C85 /* XCRemoteSwiftPackageReference "SnapKit" */;
			productName = SnapKit;
		};
		D7909DC22A53CACB00234F81 /* Kingfisher */ = {
			isa = XCSwiftPackageProductDependency;
			package = D7909DC12A53CACB00234F81 /* XCRemoteSwiftPackageReference "Kingfisher" */;
			productName = Kingfisher;
		};
/* End XCSwiftPackageProductDependency section */
	};
	rootObject = D77F52082A4D540000516C85 /* Project object */;
}
